
Microsoft Visual Studio Solution File, Format Version 12.00
# Visual Studio 14
VisualStudioVersion = 14.0.24720.0
MinimumVisualStudioVersion = 10.0.40219.1
Project("{FAE04EC0-301F-11D3-BF4B-00C04F79EFBC}") = "SharpRUDP", "SharpRUDP\SharpRUDP.csproj", "{65CCEF8D-4F60-49B9-81D4-2A71570F1A20}"
EndProject
Project("{FAE04EC0-301F-11D3-BF4B-00C04F79EFBC}") = "SharpRUDP.Test", "SharpRUDP.Test\SharpRUDP.Test.csproj", "{CC5EBCA9-5D4A-49F7-B36A-59104DE07CC8}"
EndProject
Project("{FAE04EC0-301F-11D3-BF4B-00C04F79EFBC}") = "SharpRUDP.LiveTest", "SharpRUDP.LiveTest\SharpRUDP.LiveTest.csproj", "{C1A5A429-FA58-4727-97EB-6257617F057E}"
EndProject
Global
	GlobalSection(SolutionConfigurationPlatforms) = preSolution
		Debug|Any CPU = Debug|Any CPU
		Release|Any CPU = Release|Any CPU
		Travis|Any CPU = Travis|Any CPU
	EndGlobalSection
	GlobalSection(ProjectConfigurationPlatforms) = postSolution
		{65CCEF8D-4F60-49B9-81D4-2A71570F1A20}.Debug|Any CPU.ActiveCfg = Debug|Any CPU
		{65CCEF8D-4F60-49B9-81D4-2A71570F1A20}.Debug|Any CPU.Build.0 = Debug|Any CPU
		{65CCEF8D-4F60-49B9-81D4-2A71570F1A20}.Release|Any CPU.ActiveCfg = Release|Any CPU
		{65CCEF8D-4F60-49B9-81D4-2A71570F1A20}.Release|Any CPU.Build.0 = Release|Any CPU
		{65CCEF8D-4F60-49B9-81D4-2A71570F1A20}.Travis|Any CPU.ActiveCfg = Travis|Any CPU
		{65CCEF8D-4F60-49B9-81D4-2A71570F1A20}.Travis|Any CPU.Build.0 = Travis|Any CPU
		{CC5EBCA9-5D4A-49F7-B36A-59104DE07CC8}.Debug|Any CPU.ActiveCfg = Debug|Any CPU
		{CC5EBCA9-5D4A-49F7-B36A-59104DE07CC8}.Debug|Any CPU.Build.0 = Debug|Any CPU
		{CC5EBCA9-5D4A-49F7-B36A-59104DE07CC8}.Release|Any CPU.ActiveCfg = Release|Any CPU
		{CC5EBCA9-5D4A-49F7-B36A-59104DE07CC8}.Release|Any CPU.Build.0 = Release|Any CPU
		{CC5EBCA9-5D4A-49F7-B36A-59104DE07CC8}.Travis|Any CPU.ActiveCfg = Travis|Any CPU
		{C1A5A429-FA58-4727-97EB-6257617F057E}.Debug|Any CPU.ActiveCfg = Debug|Any CPU
		{C1A5A429-FA58-4727-97EB-6257617F057E}.Debug|Any CPU.Build.0 = Debug|Any CPU
		{C1A5A429-FA58-4727-97EB-6257617F057E}.Release|Any CPU.ActiveCfg = Release|Any CPU
		{C1A5A429-FA58-4727-97EB-6257617F057E}.Release|Any CPU.Build.0 = Release|Any CPU
		{C1A5A429-FA58-4727-97EB-6257617F057E}.Travis|Any CPU.ActiveCfg = Release|Any CPU
	EndGlobalSection
	GlobalSection(SolutionProperties) = preSolution
		HideSolutionNode = FALSE
	EndGlobalSection
EndGlobal
